
Microsoft Visual Studio Solution File, Format Version 12.00
# Visual Studio Version 17
VisualStudioVersion = 17.14.36414.22 d17.14
MinimumVisualStudioVersion = 10.0.40219.1
Project("{FAE04EC0-301F-11D3-BF4B-00C04F79EFBC}") = "variable", "variable.csproj", "{1E95334B-CFC5-4DCC-A1E8-6BE4B7CA7DC4}"
EndProject
Global
	GlobalSection(SolutionConfigurationPlatforms) = preSolution
		Debug|Any CPU = Debug|Any CPU
		Release|Any CPU = Release|Any CPU
	EndGlobalSection
	GlobalSection(ProjectConfigurationPlatforms) = postSolution
		{1E95334B-CFC5-4DCC-A1E8-6BE4B7CA7DC4}.Debug|Any CPU.ActiveCfg = Debug|Any CPU
		{1E95334B-CFC5-4DCC-A1E8-6BE4B7CA7DC4}.Debug|Any CPU.Build.0 = Debug|Any CPU
		{1E95334B-CFC5-4DCC-A1E8-6BE4B7CA7DC4}.Release|Any CPU.ActiveCfg = Release|Any CPU
		{1E95334B-CFC5-4DCC-A1E8-6BE4B7CA7DC4}.Release|Any CPU.Build.0 = Release|Any CPU
	EndGlobalSection
	GlobalSection(SolutionProperties) = preSolution
		HideSolutionNode = FALSE
	EndGlobalSection
	GlobalSection(ExtensibilityGlobals) = postSolution
		SolutionGuid = {79F7A254-BFB8-4A50-BB79-6AA8CC4FE7F6}
	EndGlobalSection
EndGlobal
